// !$*UTF8*$!
{
	archiveVersion = 1;
	classes = {
	};
	objectVersion = 77;
	objects = {

/* Begin PBXBuildFile section */
		730CBDEA2EAAA08500B1E235 /* ScannedCodesRow.swift in Sources */ = {isa = PBXBuildFile; fileRef = 730CBDE92EAAA08500B1E235 /* ScannedCodesRow.swift */; };
		73283D222EA8F88900A6322F /* TextFieldStyle+.swift in Sources */ = {isa = PBXBuildFile; fileRef = 73283D212EA8F88900A6322F /* TextFieldStyle+.swift */; };
		7328E0112EB295BD002DA952 /* EditCodeNameError.swift in Sources */ = {isa = PBXBuildFile; fileRef = 7328E0102EB295BD002DA952 /* EditCodeNameError.swift */; };
		7350BF8C2EB0D20F004397ED /* TagsView.swift in Sources */ = {isa = PBXBuildFile; fileRef = 7350BF8B2EB0D20F004397ED /* TagsView.swift */; };
		73ABFC6B2EA51A5A007645C8 /* Assets.xcassets in Resources */ = {isa = PBXBuildFile; fileRef = 73ABFC642EA51A5A007645C8 /* Assets.xcassets */; };
		73ABFC6C2EA51A5A007645C8 /* BarcodeScanner.xcdatamodeld in Sources */ = {isa = PBXBuildFile; fileRef = 73ABFC652EA51A5A007645C8 /* BarcodeScanner.xcdatamodeld */; };
		73ABFC6D2EA51A5A007645C8 /* BarcodeScannerApp.swift in Sources */ = {isa = PBXBuildFile; fileRef = 73ABFC662EA51A5A007645C8 /* BarcodeScannerApp.swift */; };
		73ABFC6E2EA51A5A007645C8 /* ScannedCodesListView.swift in Sources */ = {isa = PBXBuildFile; fileRef = 73ABFC672EA51A5A007645C8 /* ScannedCodesListView.swift */; };
		73ABFC6F2EA51A5A007645C8 /* Persistence.swift in Sources */ = {isa = PBXBuildFile; fileRef = 73ABFC682EA51A5A007645C8 /* Persistence.swift */; };
		73ABFC712EA51A71007645C8 /* ScannedCode+helper.swift in Sources */ = {isa = PBXBuildFile; fileRef = 73ABFC702EA51A71007645C8 /* ScannedCode+helper.swift */; };
		73ABFC732EA51D9A007645C8 /* ScannerView.swift in Sources */ = {isa = PBXBuildFile; fileRef = 73ABFC722EA51D9A007645C8 /* ScannerView.swift */; };
		73ABFC9D2EA53E57007645C8 /* ScannedCodesListViewModel.swift in Sources */ = {isa = PBXBuildFile; fileRef = 73ABFC9C2EA53E57007645C8 /* ScannedCodesListViewModel.swift */; };
		73ABFCA02EA54B72007645C8 /* ScannerViewModel.swift in Sources */ = {isa = PBXBuildFile; fileRef = 73ABFC9F2EA54B72007645C8 /* ScannerViewModel.swift */; };
		73BCB9352EA6B1DF004B6A1A /* CameraVCRepresentable.swift in Sources */ = {isa = PBXBuildFile; fileRef = 73BCB9342EA6B1DF004B6A1A /* CameraVCRepresentable.swift */; };
		73BCB9372EA6B29E004B6A1A /* CameraVC.swift in Sources */ = {isa = PBXBuildFile; fileRef = 73BCB9362EA6B29E004B6A1A /* CameraVC.swift */; };
		73BCB93A2EA80CEE004B6A1A /* NetworkManager.swift in Sources */ = {isa = PBXBuildFile; fileRef = 73BCB9392EA80CEE004B6A1A /* NetworkManager.swift */; };
		73BCB93D2EA80EC5004B6A1A /* ScannedCodeDataService.swift in Sources */ = {isa = PBXBuildFile; fileRef = 73BCB93C2EA80EC5004B6A1A /* ScannedCodeDataService.swift */; };
		73BCB93F2EA80FDA004B6A1A /* ScannedCode.swift in Sources */ = {isa = PBXBuildFile; fileRef = 73BCB93E2EA80FDA004B6A1A /* ScannedCode.swift */; };
		73BCB9422EA813D9004B6A1A /* EditCodeNameView.swift in Sources */ = {isa = PBXBuildFile; fileRef = 73BCB9412EA813D9004B6A1A /* EditCodeNameView.swift */; };
		73BCB9442EA813E0004B6A1A /* EditCodeNameViewModel.swift in Sources */ = {isa = PBXBuildFile; fileRef = 73BCB9432EA813E0004B6A1A /* EditCodeNameViewModel.swift */; };
		73D956772EAEB600002D0A04 /* ScannedCodeDetailsView.swift in Sources */ = {isa = PBXBuildFile; fileRef = 73D956762EAEB600002D0A04 /* ScannedCodeDetailsView.swift */; };
		73F647CE2EB26D4D000F0F99 /* ScannedCodesListError.swift in Sources */ = {isa = PBXBuildFile; fileRef = 73F647CD2EB26D4D000F0F99 /* ScannedCodesListError.swift */; };
/* End PBXBuildFile section */

/* Begin PBXFileReference section */
		730CBDE92EAAA08500B1E235 /* ScannedCodesRow.swift */ = {isa = PBXFileReference; lastKnownFileType = sourcecode.swift; path = ScannedCodesRow.swift; sourceTree = "<group>"; };
		73283D212EA8F88900A6322F /* TextFieldStyle+.swift */ = {isa = PBXFileReference; lastKnownFileType = sourcecode.swift; path = "TextFieldStyle+.swift"; sourceTree = "<group>"; };
		7328E0102EB295BD002DA952 /* EditCodeNameError.swift */ = {isa = PBXFileReference; lastKnownFileType = sourcecode.swift; path = EditCodeNameError.swift; sourceTree = "<group>"; };
		7350BF8B2EB0D20F004397ED /* TagsView.swift */ = {isa = PBXFileReference; lastKnownFileType = sourcecode.swift; path = TagsView.swift; sourceTree = "<group>"; };
		73ABFC642EA51A5A007645C8 /* Assets.xcassets */ = {isa = PBXFileReference; lastKnownFileType = folder.assetcatalog; path = Assets.xcassets; sourceTree = "<group>"; };
		73ABFC662EA51A5A007645C8 /* BarcodeScannerApp.swift */ = {isa = PBXFileReference; lastKnownFileType = sourcecode.swift; path = BarcodeScannerApp.swift; sourceTree = "<group>"; };
		73ABFC672EA51A5A007645C8 /* ScannedCodesListView.swift */ = {isa = PBXFileReference; lastKnownFileType = sourcecode.swift; path = ScannedCodesListView.swift; sourceTree = "<group>"; };
		73ABFC682EA51A5A007645C8 /* Persistence.swift */ = {isa = PBXFileReference; lastKnownFileType = sourcecode.swift; path = Persistence.swift; sourceTree = "<group>"; };
		73ABFC6A2EA51A5A007645C8 /* BarcodeScanner.xcdatamodel */ = {isa = PBXFileReference; lastKnownFileType = wrapper.xcdatamodel; path = BarcodeScanner.xcdatamodel; sourceTree = "<group>"; };
		73ABFC702EA51A71007645C8 /* ScannedCode+helper.swift */ = {isa = PBXFileReference; lastKnownFileType = sourcecode.swift; path = "ScannedCode+helper.swift"; sourceTree = "<group>"; };
		73ABFC722EA51D9A007645C8 /* ScannerView.swift */ = {isa = PBXFileReference; lastKnownFileType = sourcecode.swift; path = ScannerView.swift; sourceTree = "<group>"; };
		73ABFC9C2EA53E57007645C8 /* ScannedCodesListViewModel.swift */ = {isa = PBXFileReference; lastKnownFileType = sourcecode.swift; path = ScannedCodesListViewModel.swift; sourceTree = "<group>"; };
		73ABFC9F2EA54B72007645C8 /* ScannerViewModel.swift */ = {isa = PBXFileReference; lastKnownFileType = sourcecode.swift; path = ScannerViewModel.swift; sourceTree = "<group>"; };
		73BCB9342EA6B1DF004B6A1A /* CameraVCRepresentable.swift */ = {isa = PBXFileReference; lastKnownFileType = sourcecode.swift; path = CameraVCRepresentable.swift; sourceTree = "<group>"; };
		73BCB9362EA6B29E004B6A1A /* CameraVC.swift */ = {isa = PBXFileReference; lastKnownFileType = sourcecode.swift; path = CameraVC.swift; sourceTree = "<group>"; };
		73BCB9392EA80CEE004B6A1A /* NetworkManager.swift */ = {isa = PBXFileReference; lastKnownFileType = sourcecode.swift; path = NetworkManager.swift; sourceTree = "<group>"; };
		73BCB93C2EA80EC5004B6A1A /* ScannedCodeDataService.swift */ = {isa = PBXFileReference; lastKnownFileType = sourcecode.swift; path = ScannedCodeDataService.swift; sourceTree = "<group>"; };
		73BCB93E2EA80FDA004B6A1A /* ScannedCode.swift */ = {isa = PBXFileReference; lastKnownFileType = sourcecode.swift; path = ScannedCode.swift; sourceTree = "<group>"; };
		73BCB9412EA813D9004B6A1A /* EditCodeNameView.swift */ = {isa = PBXFileReference; lastKnownFileType = sourcecode.swift; path = EditCodeNameView.swift; sourceTree = "<group>"; };
		73BCB9432EA813E0004B6A1A /* EditCodeNameViewModel.swift */ = {isa = PBXFileReference; lastKnownFileType = sourcecode.swift; path = EditCodeNameViewModel.swift; sourceTree = "<group>"; };
		73D956762EAEB600002D0A04 /* ScannedCodeDetailsView.swift */ = {isa = PBXFileReference; lastKnownFileType = sourcecode.swift; path = ScannedCodeDetailsView.swift; sourceTree = "<group>"; };
		73E7589D2EA24EB9007DFFB9 /* BarcodeScanner.app */ = {isa = PBXFileReference; explicitFileType = wrapper.application; includeInIndex = 0; path = BarcodeScanner.app; sourceTree = BUILT_PRODUCTS_DIR; };
		73F647CD2EB26D4D000F0F99 /* ScannedCodesListError.swift */ = {isa = PBXFileReference; lastKnownFileType = sourcecode.swift; path = ScannedCodesListError.swift; sourceTree = "<group>"; };
/* End PBXFileReference section */

/* Begin PBXFrameworksBuildPhase section */
		73E7589A2EA24EB9007DFFB9 /* Frameworks */ = {
			isa = PBXFrameworksBuildPhase;
			buildActionMask = 2147483647;
			files = (
			);
			runOnlyForDeploymentPostprocessing = 0;
		};
/* End PBXFrameworksBuildPhase section */

/* Begin PBXGroup section */
		73283D202EA8F86D00A6322F /* Components */ = {
			isa = PBXGroup;
			children = (
				73283D212EA8F88900A6322F /* TextFieldStyle+.swift */,
				7350BF8B2EB0D20F004397ED /* TagsView.swift */,
			);
			path = Components;
			sourceTree = "<group>";
		};
		73ABFC692EA51A5A007645C8 /* BarcodeScanner */ = {
			isa = PBXGroup;
			children = (
				73ABFC942EA53CD6007645C8 /* App */,
				73ABFC972EA53CF2007645C8 /* Core */,
				73ABFC982EA53D0C007645C8 /* CoreData */,
				73ABFC9A2EA53D1C007645C8 /* Model */,
				73BCB93B2EA80E8E004B6A1A /* Services */,
				73BCB9382EA80CAC004B6A1A /* Utilities */,
			);
			path = BarcodeScanner;
			sourceTree = "<group>";
		};
		73ABFC942EA53CD6007645C8 /* App */ = {
			isa = PBXGroup;
			children = (
				73ABFC662EA51A5A007645C8 /* BarcodeScannerApp.swift */,
				73ABFC642EA51A5A007645C8 /* Assets.xcassets */,
			);
			path = App;
			sourceTree = "<group>";
		};
		73ABFC972EA53CF2007645C8 /* Core */ = {
			isa = PBXGroup;
			children = (
				73283D202EA8F86D00A6322F /* Components */,
				73ABFC9B2EA53D7E007645C8 /* ScannedCodesList */,
				73ABFC9E2EA54B5E007645C8 /* Scanner */,
				73BCB9332EA6B1CB004B6A1A /* Camera */,
				73BCB9402EA813BE004B6A1A /* EditCodeName */,
				73D956752EAEB5DC002D0A04 /* ScannedCodeDetails */,
			);
			path = Core;
			sourceTree = "<group>";
		};
		73ABFC982EA53D0C007645C8 /* CoreData */ = {
			isa = PBXGroup;
			children = (
				73ABFC702EA51A71007645C8 /* ScannedCode+helper.swift */,
				73ABFC682EA51A5A007645C8 /* Persistence.swift */,
			);
			path = CoreData;
			sourceTree = "<group>";
		};
		73ABFC9A2EA53D1C007645C8 /* Model */ = {
			isa = PBXGroup;
			children = (
				73ABFC652EA51A5A007645C8 /* BarcodeScanner.xcdatamodeld */,
				73BCB93E2EA80FDA004B6A1A /* ScannedCode.swift */,
			);
			path = Model;
			sourceTree = "<group>";
		};
		73ABFC9B2EA53D7E007645C8 /* ScannedCodesList */ = {
			isa = PBXGroup;
			children = (
				73F647CC2EB26D1F000F0F99 /* Rows */,
				73F647CD2EB26D4D000F0F99 /* ScannedCodesListError.swift */,
				73ABFC672EA51A5A007645C8 /* ScannedCodesListView.swift */,
				73ABFC9C2EA53E57007645C8 /* ScannedCodesListViewModel.swift */,
			);
			path = ScannedCodesList;
			sourceTree = "<group>";
		};
		73ABFC9E2EA54B5E007645C8 /* Scanner */ = {
			isa = PBXGroup;
			children = (
				73ABFC722EA51D9A007645C8 /* ScannerView.swift */,
				73ABFC9F2EA54B72007645C8 /* ScannerViewModel.swift */,
			);
			path = Scanner;
			sourceTree = "<group>";
		};
		73BCB9332EA6B1CB004B6A1A /* Camera */ = {
			isa = PBXGroup;
			children = (
				73BCB9342EA6B1DF004B6A1A /* CameraVCRepresentable.swift */,
				73BCB9362EA6B29E004B6A1A /* CameraVC.swift */,
			);
			path = Camera;
			sourceTree = "<group>";
		};
		73BCB9382EA80CAC004B6A1A /* Utilities */ = {
			isa = PBXGroup;
			children = (
				73BCB9392EA80CEE004B6A1A /* NetworkManager.swift */,
			);
			path = Utilities;
			sourceTree = "<group>";
		};
		73BCB93B2EA80E8E004B6A1A /* Services */ = {
			isa = PBXGroup;
			children = (
				73BCB93C2EA80EC5004B6A1A /* ScannedCodeDataService.swift */,
			);
			path = Services;
			sourceTree = "<group>";
		};
		73BCB9402EA813BE004B6A1A /* EditCodeName */ = {
			isa = PBXGroup;
			children = (
				7328E0102EB295BD002DA952 /* EditCodeNameError.swift */,
				73BCB9412EA813D9004B6A1A /* EditCodeNameView.swift */,
				73BCB9432EA813E0004B6A1A /* EditCodeNameViewModel.swift */,
			);
			path = EditCodeName;
			sourceTree = "<group>";
		};
		73D956752EAEB5DC002D0A04 /* ScannedCodeDetails */ = {
			isa = PBXGroup;
			children = (
				73D956762EAEB600002D0A04 /* ScannedCodeDetailsView.swift */,
			);
			path = ScannedCodeDetails;
			sourceTree = "<group>";
		};
		73E758942EA24EB9007DFFB9 = {
			isa = PBXGroup;
			children = (
				73ABFC692EA51A5A007645C8 /* BarcodeScanner */,
				73E7589E2EA24EB9007DFFB9 /* Products */,
			);
			sourceTree = "<group>";
		};
		73E7589E2EA24EB9007DFFB9 /* Products */ = {
			isa = PBXGroup;
			children = (
				73E7589D2EA24EB9007DFFB9 /* BarcodeScanner.app */,
			);
			name = Products;
			sourceTree = "<group>";
		};
		73F647CC2EB26D1F000F0F99 /* Rows */ = {
			isa = PBXGroup;
			children = (
				730CBDE92EAAA08500B1E235 /* ScannedCodesRow.swift */,
			);
			path = Rows;
			sourceTree = "<group>";
		};
/* End PBXGroup section */

/* Begin PBXNativeTarget section */
		73E7589C2EA24EB9007DFFB9 /* BarcodeScanner */ = {
			isa = PBXNativeTarget;
			buildConfigurationList = 73E758AD2EA24EBB007DFFB9 /* Build configuration list for PBXNativeTarget "BarcodeScanner" */;
			buildPhases = (
				73E758992EA24EB9007DFFB9 /* Sources */,
				73E7589A2EA24EB9007DFFB9 /* Frameworks */,
				73E7589B2EA24EB9007DFFB9 /* Resources */,
			);
			buildRules = (
			);
			dependencies = (
			);
			name = BarcodeScanner;
			packageProductDependencies = (
			);
			productName = BarcodeScanner;
			productReference = 73E7589D2EA24EB9007DFFB9 /* BarcodeScanner.app */;
			productType = "com.apple.product-type.application";
		};
/* End PBXNativeTarget section */

/* Begin PBXProject section */
		73E758952EA24EB9007DFFB9 /* Project object */ = {
			isa = PBXProject;
			attributes = {
				BuildIndependentTargetsInParallel = 1;
				LastSwiftUpdateCheck = 2600;
				LastUpgradeCheck = 2600;
				TargetAttributes = {
					73E7589C2EA24EB9007DFFB9 = {
						CreatedOnToolsVersion = 26.0.1;
					};
				};
			};
			buildConfigurationList = 73E758982EA24EB9007DFFB9 /* Build configuration list for PBXProject "BarcodeScanner" */;
			developmentRegion = en;
			hasScannedForEncodings = 0;
			knownRegions = (
				en,
				Base,
			);
			mainGroup = 73E758942EA24EB9007DFFB9;
			minimizedProjectReferenceProxies = 1;
			preferredProjectObjectVersion = 77;
			productRefGroup = 73E7589E2EA24EB9007DFFB9 /* Products */;
			projectDirPath = "";
			projectRoot = "";
			targets = (
				73E7589C2EA24EB9007DFFB9 /* BarcodeScanner */,
			);
		};
/* End PBXProject section */

/* Begin PBXResourcesBuildPhase section */
		73E7589B2EA24EB9007DFFB9 /* Resources */ = {
			isa = PBXResourcesBuildPhase;
			buildActionMask = 2147483647;
			files = (
				73ABFC6B2EA51A5A007645C8 /* Assets.xcassets in Resources */,
			);
			runOnlyForDeploymentPostprocessing = 0;
		};
/* End PBXResourcesBuildPhase section */

/* Begin PBXSourcesBuildPhase section */
		73E758992EA24EB9007DFFB9 /* Sources */ = {
			isa = PBXSourcesBuildPhase;
			buildActionMask = 2147483647;
			files = (
				73BCB9442EA813E0004B6A1A /* EditCodeNameViewModel.swift in Sources */,
				73ABFC9D2EA53E57007645C8 /* ScannedCodesListViewModel.swift in Sources */,
				73ABFC6C2EA51A5A007645C8 /* BarcodeScanner.xcdatamodeld in Sources */,
				73ABFC6D2EA51A5A007645C8 /* BarcodeScannerApp.swift in Sources */,
				73ABFC6E2EA51A5A007645C8 /* ScannedCodesListView.swift in Sources */,
				73283D222EA8F88900A6322F /* TextFieldStyle+.swift in Sources */,
				73F647CE2EB26D4D000F0F99 /* ScannedCodesListError.swift in Sources */,
				7328E0112EB295BD002DA952 /* EditCodeNameError.swift in Sources */,
				73BCB93A2EA80CEE004B6A1A /* NetworkManager.swift in Sources */,
				73D956772EAEB600002D0A04 /* ScannedCodeDetailsView.swift in Sources */,
				73ABFC732EA51D9A007645C8 /* ScannerView.swift in Sources */,
				73ABFC712EA51A71007645C8 /* ScannedCode+helper.swift in Sources */,
				73ABFC6F2EA51A5A007645C8 /* Persistence.swift in Sources */,
				73BCB9372EA6B29E004B6A1A /* CameraVC.swift in Sources */,
				73BCB93D2EA80EC5004B6A1A /* ScannedCodeDataService.swift in Sources */,
				7350BF8C2EB0D20F004397ED /* TagsView.swift in Sources */,
				73ABFCA02EA54B72007645C8 /* ScannerViewModel.swift in Sources */,
				73BCB93F2EA80FDA004B6A1A /* ScannedCode.swift in Sources */,
				73BCB9422EA813D9004B6A1A /* EditCodeNameView.swift in Sources */,
				73BCB9352EA6B1DF004B6A1A /* CameraVCRepresentable.swift in Sources */,
				730CBDEA2EAAA08500B1E235 /* ScannedCodesRow.swift in Sources */,
			);
			runOnlyForDeploymentPostprocessing = 0;
		};
/* End PBXSourcesBuildPhase section */

/* Begin XCBuildConfiguration section */
		73E758AB2EA24EBB007DFFB9 /* Debug */ = {
			isa = XCBuildConfiguration;
			buildSettings = {
				ALWAYS_SEARCH_USER_PATHS = NO;
				ASSETCATALOG_COMPILER_GENERATE_SWIFT_ASSET_SYMBOL_EXTENSIONS = YES;
				CLANG_ANALYZER_NONNULL = YES;
				CLANG_ANALYZER_NUMBER_OBJECT_CONVERSION = YES_AGGRESSIVE;
				CLANG_CXX_LANGUAGE_STANDARD = "gnu++20";
				CLANG_ENABLE_MODULES = YES;
				CLANG_ENABLE_OBJC_ARC = YES;
				CLANG_ENABLE_OBJC_WEAK = YES;
				CLANG_WARN_BLOCK_CAPTURE_AUTORELEASING = YES;
				CLANG_WARN_BOOL_CONVERSION = YES;
				CLANG_WARN_COMMA = YES;
				CLANG_WARN_CONSTANT_CONVERSION = YES;
				CLANG_WARN_DEPRECATED_OBJC_IMPLEMENTATIONS = YES;
				CLANG_WARN_DIRECT_OBJC_ISA_USAGE = YES_ERROR;
				CLANG_WARN_DOCUMENTATION_COMMENTS = YES;
				CLANG_WARN_EMPTY_BODY = YES;
				CLANG_WARN_ENUM_CONVERSION = YES;
				CLANG_WARN_INFINITE_RECURSION = YES;
				CLANG_WARN_INT_CONVERSION = YES;
				CLANG_WARN_NON_LITERAL_NULL_CONVERSION = YES;
				CLANG_WARN_OBJC_IMPLICIT_RETAIN_SELF = YES;
				CLANG_WARN_OBJC_LITERAL_CONVERSION = YES;
				CLANG_WARN_OBJC_ROOT_CLASS = YES_ERROR;
				CLANG_WARN_QUOTED_INCLUDE_IN_FRAMEWORK_HEADER = YES;
				CLANG_WARN_RANGE_LOOP_ANALYSIS = YES;
				CLANG_WARN_STRICT_PROTOTYPES = YES;
				CLANG_WARN_SUSPICIOUS_MOVE = YES;
				CLANG_WARN_UNGUARDED_AVAILABILITY = YES_AGGRESSIVE;
				CLANG_WARN_UNREACHABLE_CODE = YES;
				CLANG_WARN__DUPLICATE_METHOD_MATCH = YES;
				COPY_PHASE_STRIP = NO;
				DEBUG_INFORMATION_FORMAT = dwarf;
				DEVELOPMENT_TEAM = VS5A9QFHJ4;
				ENABLE_STRICT_OBJC_MSGSEND = YES;
				ENABLE_TESTABILITY = YES;
				ENABLE_USER_SCRIPT_SANDBOXING = YES;
				GCC_C_LANGUAGE_STANDARD = gnu17;
				GCC_DYNAMIC_NO_PIC = NO;
				GCC_NO_COMMON_BLOCKS = YES;
				GCC_OPTIMIZATION_LEVEL = 0;
				GCC_PREPROCESSOR_DEFINITIONS = (
					"DEBUG=1",
					"$(inherited)",
				);
				GCC_WARN_64_TO_32_BIT_CONVERSION = YES;
				GCC_WARN_ABOUT_RETURN_TYPE = YES_ERROR;
				GCC_WARN_UNDECLARED_SELECTOR = YES;
				GCC_WARN_UNINITIALIZED_AUTOS = YES_AGGRESSIVE;
				GCC_WARN_UNUSED_FUNCTION = YES;
				GCC_WARN_UNUSED_VARIABLE = YES;
				IPHONEOS_DEPLOYMENT_TARGET = 26.0;
				LOCALIZATION_PREFERS_STRING_CATALOGS = YES;
				MTL_ENABLE_DEBUG_INFO = INCLUDE_SOURCE;
				MTL_FAST_MATH = YES;
				ONLY_ACTIVE_ARCH = YES;
				SDKROOT = iphoneos;
				SWIFT_ACTIVE_COMPILATION_CONDITIONS = "DEBUG $(inherited)";
				SWIFT_OPTIMIZATION_LEVEL = "-Onone";
			};
			name = Debug;
		};
		73E758AC2EA24EBB007DFFB9 /* Release */ = {
			isa = XCBuildConfiguration;
			buildSettings = {
				ALWAYS_SEARCH_USER_PATHS = NO;
				ASSETCATALOG_COMPILER_GENERATE_SWIFT_ASSET_SYMBOL_EXTENSIONS = YES;
				CLANG_ANALYZER_NONNULL = YES;
				CLANG_ANALYZER_NUMBER_OBJECT_CONVERSION = YES_AGGRESSIVE;
				CLANG_CXX_LANGUAGE_STANDARD = "gnu++20";
				CLANG_ENABLE_MODULES = YES;
				CLANG_ENABLE_OBJC_ARC = YES;
				CLANG_ENABLE_OBJC_WEAK = YES;
				CLANG_WARN_BLOCK_CAPTURE_AUTORELEASING = YES;
				CLANG_WARN_BOOL_CONVERSION = YES;
				CLANG_WARN_COMMA = YES;
				CLANG_WARN_CONSTANT_CONVERSION = YES;
				CLANG_WARN_DEPRECATED_OBJC_IMPLEMENTATIONS = YES;
				CLANG_WARN_DIRECT_OBJC_ISA_USAGE = YES_ERROR;
				CLANG_WARN_DOCUMENTATION_COMMENTS = YES;
				CLANG_WARN_EMPTY_BODY = YES;
				CLANG_WARN_ENUM_CONVERSION = YES;
				CLANG_WARN_INFINITE_RECURSION = YES;
				CLANG_WARN_INT_CONVERSION = YES;
				CLANG_WARN_NON_LITERAL_NULL_CONVERSION = YES;
				CLANG_WARN_OBJC_IMPLICIT_RETAIN_SELF = YES;
				CLANG_WARN_OBJC_LITERAL_CONVERSION = YES;
				CLANG_WARN_OBJC_ROOT_CLASS = YES_ERROR;
				CLANG_WARN_QUOTED_INCLUDE_IN_FRAMEWORK_HEADER = YES;
				CLANG_WARN_RANGE_LOOP_ANALYSIS = YES;
				CLANG_WARN_STRICT_PROTOTYPES = YES;
				CLANG_WARN_SUSPICIOUS_MOVE = YES;
				CLANG_WARN_UNGUARDED_AVAILABILITY = YES_AGGRESSIVE;
				CLANG_WARN_UNREACHABLE_CODE = YES;
				CLANG_WARN__DUPLICATE_METHOD_MATCH = YES;
				COPY_PHASE_STRIP = NO;
				DEBUG_INFORMATION_FORMAT = "dwarf-with-dsym";
				DEVELOPMENT_TEAM = VS5A9QFHJ4;
				ENABLE_NS_ASSERTIONS = NO;
				ENABLE_STRICT_OBJC_MSGSEND = YES;
				ENABLE_USER_SCRIPT_SANDBOXING = YES;
				GCC_C_LANGUAGE_STANDARD = gnu17;
				GCC_NO_COMMON_BLOCKS = YES;
				GCC_WARN_64_TO_32_BIT_CONVERSION = YES;
				GCC_WARN_ABOUT_RETURN_TYPE = YES_ERROR;
				GCC_WARN_UNDECLARED_SELECTOR = YES;
				GCC_WARN_UNINITIALIZED_AUTOS = YES_AGGRESSIVE;
				GCC_WARN_UNUSED_FUNCTION = YES;
				GCC_WARN_UNUSED_VARIABLE = YES;
				IPHONEOS_DEPLOYMENT_TARGET = 26.0;
				LOCALIZATION_PREFERS_STRING_CATALOGS = YES;
				MTL_ENABLE_DEBUG_INFO = NO;
				MTL_FAST_MATH = YES;
				SDKROOT = iphoneos;
				SWIFT_COMPILATION_MODE = wholemodule;
				VALIDATE_PRODUCT = YES;
			};
			name = Release;
		};
		73E758AE2EA24EBB007DFFB9 /* Debug */ = {
			isa = XCBuildConfiguration;
			buildSettings = {
				ASSETCATALOG_COMPILER_APPICON_NAME = AppIcon;
				ASSETCATALOG_COMPILER_GLOBAL_ACCENT_COLOR_NAME = AccentColor;
				CODE_SIGN_STYLE = Automatic;
				CURRENT_PROJECT_VERSION = 1;
				DEVELOPMENT_TEAM = VS5A9QFHJ4;
				ENABLE_PREVIEWS = YES;
				GENERATE_INFOPLIST_FILE = YES;
				INFOPLIST_KEY_NSCameraUsageDescription = "Приложению необходим доступ к камере для сканирования кода";
				INFOPLIST_KEY_UIApplicationSceneManifest_Generation = YES;
				INFOPLIST_KEY_UIApplicationSupportsIndirectInputEvents = YES;
				INFOPLIST_KEY_UILaunchScreen_Generation = YES;
				INFOPLIST_KEY_UISupportedInterfaceOrientations_iPad = "UIInterfaceOrientationPortrait UIInterfaceOrientationPortraitUpsideDown UIInterfaceOrientationLandscapeLeft UIInterfaceOrientationLandscapeRight";
				INFOPLIST_KEY_UISupportedInterfaceOrientations_iPhone = "UIInterfaceOrientationPortrait UIInterfaceOrientationLandscapeLeft UIInterfaceOrientationLandscapeRight";
				IPHONEOS_DEPLOYMENT_TARGET = 17.6;
				LD_RUNPATH_SEARCH_PATHS = (
					"$(inherited)",
					"@executable_path/Frameworks",
				);
				MARKETING_VERSION = 1.0;
				PRODUCT_BUNDLE_IDENTIFIER = org.136d7e96022370ba.CryptoApp.BarcodeScanner;
				PRODUCT_NAME = "$(TARGET_NAME)";
				STRING_CATALOG_GENERATE_SYMBOLS = YES;
				SWIFT_APPROACHABLE_CONCURRENCY = YES;
				SWIFT_DEFAULT_ACTOR_ISOLATION = MainActor;
				SWIFT_EMIT_LOC_STRINGS = YES;
				SWIFT_UPCOMING_FEATURE_MEMBER_IMPORT_VISIBILITY = YES;
				SWIFT_VERSION = 5.0;
				TARGETED_DEVICE_FAMILY = "1,2";
			};
			name = Debug;
		};
		73E758AF2EA24EBB007DFFB9 /* Release */ = {
			isa = XCBuildConfiguration;
			buildSettings = {
				ASSETCATALOG_COMPILER_APPICON_NAME = AppIcon;
				ASSETCATALOG_COMPILER_GLOBAL_ACCENT_COLOR_NAME = AccentColor;
				CODE_SIGN_STYLE = Automatic;
				CURRENT_PROJECT_VERSION = 1;
				DEVELOPMENT_TEAM = VS5A9QFHJ4;
				ENABLE_PREVIEWS = YES;
				GENERATE_INFOPLIST_FILE = YES;
				INFOPLIST_KEY_NSCameraUsageDescription = "Приложению необходим доступ к камере для сканирования кода";
				INFOPLIST_KEY_UIApplicationSceneManifest_Generation = YES;
				INFOPLIST_KEY_UIApplicationSupportsIndirectInputEvents = YES;
				INFOPLIST_KEY_UILaunchScreen_Generation = YES;
				INFOPLIST_KEY_UISupportedInterfaceOrientations_iPad = "UIInterfaceOrientationPortrait UIInterfaceOrientationPortraitUpsideDown UIInterfaceOrientationLandscapeLeft UIInterfaceOrientationLandscapeRight";
				INFOPLIST_KEY_UISupportedInterfaceOrientations_iPhone = "UIInterfaceOrientationPortrait UIInterfaceOrientationLandscapeLeft UIInterfaceOrientationLandscapeRight";
				IPHONEOS_DEPLOYMENT_TARGET = 17.6;
				LD_RUNPATH_SEARCH_PATHS = (
					"$(inherited)",
					"@executable_path/Frameworks",
				);
				MARKETING_VERSION = 1.0;
				PRODUCT_BUNDLE_IDENTIFIER = org.136d7e96022370ba.CryptoApp.BarcodeScanner;
				PRODUCT_NAME = "$(TARGET_NAME)";
				STRING_CATALOG_GENERATE_SYMBOLS = YES;
				SWIFT_APPROACHABLE_CONCURRENCY = YES;
				SWIFT_DEFAULT_ACTOR_ISOLATION = MainActor;
				SWIFT_EMIT_LOC_STRINGS = YES;
				SWIFT_UPCOMING_FEATURE_MEMBER_IMPORT_VISIBILITY = YES;
				SWIFT_VERSION = 5.0;
				TARGETED_DEVICE_FAMILY = "1,2";
			};
			name = Release;
		};
/* End XCBuildConfiguration section */

/* Begin XCConfigurationList section */
		73E758982EA24EB9007DFFB9 /* Build configuration list for PBXProject "BarcodeScanner" */ = {
			isa = XCConfigurationList;
			buildConfigurations = (
				73E758AB2EA24EBB007DFFB9 /* Debug */,
				73E758AC2EA24EBB007DFFB9 /* Release */,
			);
			defaultConfigurationIsVisible = 0;
			defaultConfigurationName = Release;
		};
		73E758AD2EA24EBB007DFFB9 /* Build configuration list for PBXNativeTarget "BarcodeScanner" */ = {
			isa = XCConfigurationList;
			buildConfigurations = (
				73E758AE2EA24EBB007DFFB9 /* Debug */,
				73E758AF2EA24EBB007DFFB9 /* Release */,
			);
			defaultConfigurationIsVisible = 0;
			defaultConfigurationName = Release;
		};
/* End XCConfigurationList section */

/* Begin XCVersionGroup section */
		73ABFC652EA51A5A007645C8 /* BarcodeScanner.xcdatamodeld */ = {
			isa = XCVersionGroup;
			children = (
				73ABFC6A2EA51A5A007645C8 /* BarcodeScanner.xcdatamodel */,
			);
			currentVersion = 73ABFC6A2EA51A5A007645C8 /* BarcodeScanner.xcdatamodel */;
			path = BarcodeScanner.xcdatamodeld;
			sourceTree = "<group>";
			versionGroupType = wrapper.xcdatamodel;
		};
/* End XCVersionGroup section */
	};
	rootObject = 73E758952EA24EB9007DFFB9 /* Project object */;
}
